# This file is autogenerated, do not edit; changes may be undone by the next 'dep ensure'.


[[projects]]
  name = "github.com/Financial-Times/go-fthealth"
  packages = ["v1_1"]
  revision = "bc27ed19189994eef0364e4a07879d5a3f3be76f"
  version = "0.2.0"

[[projects]]
  name = "github.com/Financial-Times/go-logger"
  packages = [
    ".",
    "test"
  ]
  revision = "febee6537e90971bab6f6fe60b71b4a0562dcab3"
  version = "1.0.0"

[[projects]]
  name = "github.com/Financial-Times/message-queue-gonsumer"
  packages = ["consumer"]
  revision = "6f96a5cb1e34c4baa8bc64f56524a7f2e0092ed3"
  version = "0.4.0"

[[projects]]
  name = "github.com/Financial-Times/service-status-go"
  packages = [
    "buildinfo",
    "gtg",
    "httphandlers"
  ]
  revision = "3f5199736a3d7ae52394c63aac36834786825e21"
  version = "0.1.0"

[[projects]]
  name = "github.com/Financial-Times/uuid-utils-go"
  packages = ["."]
  revision = "e22658edd0f130936e99079bf844bde7087c914c"
  version = "1.0.1"

[[projects]]
  name = "github.com/davecgh/go-spew"
  packages = ["spew"]
  revision = "8991bc29aa16c548c550c7ff78260e27b9ab7c73"
  version = "v1.1.1"

[[projects]]
  branch = "master"
  name = "github.com/dchest/uniuri"
  packages = ["."]
  revision = "8902c56451e9b58ff940bbe5fec35d5f9c04584a"

[[projects]]
  name = "github.com/gorilla/context"
  packages = ["."]
  revision = "08b5f424b9271eedf6f9f0ce86cb9396ed337a42"
  version = "v1.1.1"

[[projects]]
  name = "github.com/gorilla/mux"
  packages = ["."]
  revision = "4dbd923b0c9e99ff63ad54b0e9705ff92d3cdb06"

[[projects]]
  name = "github.com/hashicorp/go-version"
  packages = ["."]
  revision = "03c5bf6be031b6dd45afec16b1cf94fc8938bc77"

[[projects]]
  name = "github.com/jawher/mow.cli"
  packages = ["."]
  revision = "d3ffbc2f98b83e09dc8efd55ecec75eb5fd656ec"

[[projects]]
  name = "github.com/pborman/uuid"
  packages = ["."]
  revision = "c65b2f87fee37d1c7854c9164a450713c28d50cd"

[[projects]]
  branch = "master"
  name = "github.com/pkg/errors"
  packages = ["."]
  revision = "816c9085562cd7ee03e7f8188a1cfd942858cded"

[[projects]]
  name = "github.com/pmezard/go-difflib"
  packages = ["difflib"]
  revision = "792786c7400a136282c1664665ae0a8db921c6c2"
  version = "v1.0.0"

[[projects]]
  name = "github.com/sirupsen/logrus"
  packages = [
    ".",
    "hooks/test"
  ]
  revision = "c155da19408a8799da419ed3eeb0cb5db0ad5dbc"
  version = "v1.0.5"

[[projects]]
  name = "github.com/smartystreets/go-aws-auth"
  packages = ["."]
  revision = "2043e6d0bb7e4c18464a7bba562acbe482e3cabd"

[[projects]]
  name = "github.com/stretchr/objx"
  packages = ["."]
  revision = "477a77ecc69700c7cdeb1fa9e129548e1c1c393c"
  version = "v0.1.1"

[[projects]]
  branch = "master"
  name = "github.com/stretchr/stew"
  packages = ["slice"]
  revision = "80ef0842b48b329a6120607c817a85aff5a2ec71"

[[projects]]
  name = "github.com/stretchr/testify"
  packages = [
    "assert",
    "mock",
    "require"
  ]
  revision = "b91bfb9ebec76498946beb6af7c0230c7cc7ba6c"
  version = "v1.2.0"

[[projects]]
  name = "github.com/willf/bitset"
  packages = ["."]
  revision = "988f4f24992fc745de53c42df0da6581e42a6686"
  version = "v1.1.2"

[[projects]]
  name = "golang.org/x/crypto"
  packages = ["ssh/terminal"]
  revision = "80db560fac1fb3e6ac81dbc7f8ae4c061f5257bd"

[[projects]]
  name = "golang.org/x/sys"
  packages = [
    "unix",
    "windows"
  ]
  revision = "bb729a57828d76e3050e664d86aa052741ab620f"

[[projects]]
  name = "gopkg.in/olivere/elastic.v2"
  packages = [
    ".",
    "backoff",
    "uritemplates"
  ]
  revision = "54283cb278d855e562a3d20f6c5afdbe1decf25b"
  version = "v2.0.58"

[solve-meta]
  analyzer-name = "dep"
  analyzer-version = 1
  inputs-digest = "c3318657d19828877f70067bfec6f12916687503fd106094d3ad434ff0b16752"
  solver-name = "gps-cdcl"
  solver-version = 1
